{
  "name": "ff-position",
  "version": "0.0.5",
  "lockfileVersion": 1,
  "requires": true,
  "dependencies": {
    "css-element-queries": {
      "version": "1.1.1",
      "resolved": "https://registry.npmjs.org/css-element-queries/-/css-element-queries-1.1.1.tgz",
      "integrity": "sha512-/PX6Bkk77ShgbOx/mpawHdEvS3PGgy1mmMktcztDPndWdMJxcorcQiivrs+nEljqtBpvNEhAmQky9tQR6FSm8Q=="
    },
    "ff-overlay": {
      "version": "0.0.4",
      "resolved": "https://registry.npmjs.org/ff-overlay/-/ff-overlay-0.0.4.tgz",
      "integrity": "sha512-o87yj77w155d/rdmG1am3nypaDA1fnhY3lXFK70ZY4u/a8IRKT3GSfLllTUYP/d2ynoFDBv7+vDabMAM22aU5w==",
      "requires": {
        "tslib": "^1.9.0"
      }
    },
    "ff-resize-sensor": {
      "version": "0.0.1",
      "resolved": "https://registry.npmjs.org/ff-resize-sensor/-/ff-resize-sensor-0.0.1.tgz",
      "integrity": "sha512-To7No7ObxqkQcBIP4LC6/yFYu/SVMAzpwzVH2Z7cmsFvg2vyKKZqk7UWl/hoUPw3DM5B1QRkDqf3HLwmJLWa1A==",
      "requires": {
        "css-element-queries": "1.1.1",
        "tslib": "^1.9.0"
      }
    },
    "tslib": {
      "version": "1.9.3",
      "resolved": "https://registry.npmjs.org/tslib/-/tslib-1.9.3.tgz",
      "integrity": "sha512-4krF8scpejhaOgqzBEcGM7yDIEfi0/8+8zDRZhNZZ2kjmHJ4hv3zCbQWxoJGz1iw5U0Jl0nma13xzHXcncMavQ=="
    }
  }
}
